
Microsoft Visual Studio Solution File, Format Version 11.00
# Visual Studio 2010
Project("{FAE04EC0-301F-11D3-BF4B-00C04F79EFBC}") = "UnityEngine.UI", "UnityEngine.UI.csproj", "{6a74997d-5182-2324-553a-566993f187c0}"
EndProject
Project("{FAE04EC0-301F-11D3-BF4B-00C04F79EFBC}") = "Assembly-CSharp", "Assembly-CSharp.csproj", "{bc341a0c-2f04-375f-b69a-853447f2eab2}"
EndProject
Project("{FAE04EC0-301F-11D3-BF4B-00C04F79EFBC}") = "Unity.2D.Sprite.Editor", "Unity.2D.Sprite.Editor.csproj", "{a21e3e7d-67ba-d889-628e-536865537898}"
EndProject
Project("{FAE04EC0-301F-11D3-BF4B-00C04F79EFBC}") = "UnityEditor.UI", "UnityEditor.UI.csproj", "{7c9072f6-9df4-7656-4141-557295099fc7}"
EndProject
Project("{FAE04EC0-301F-11D3-BF4B-00C04F79EFBC}") = "Unity.2D.Tilemap.Editor", "Unity.2D.Tilemap.Editor.csproj", "{e6fdc091-f43f-4003-7d41-dcf5a8fbe35c}"
EndProject
Global
	GlobalSection(SolutionConfigurationPlatforms) = preSolution
		Debug|Any CPU = Debug|Any CPU
	EndGlobalSection
	GlobalSection(ProjectConfigurationPlatforms) = postSolution
		{6a74997d-5182-2324-553a-566993f187c0}.Debug|Any CPU.ActiveCfg = Debug|Any CPU
		{6a74997d-5182-2324-553a-566993f187c0}.Debug|Any CPU.Build.0 = Debug|Any CPU
		{bc341a0c-2f04-375f-b69a-853447f2eab2}.Debug|Any CPU.ActiveCfg = Debug|Any CPU
		{bc341a0c-2f04-375f-b69a-853447f2eab2}.Debug|Any CPU.Build.0 = Debug|Any CPU
		{a21e3e7d-67ba-d889-628e-536865537898}.Debug|Any CPU.ActiveCfg = Debug|Any CPU
		{a21e3e7d-67ba-d889-628e-536865537898}.Debug|Any CPU.Build.0 = Debug|Any CPU
		{7c9072f6-9df4-7656-4141-557295099fc7}.Debug|Any CPU.ActiveCfg = Debug|Any CPU
		{7c9072f6-9df4-7656-4141-557295099fc7}.Debug|Any CPU.Build.0 = Debug|Any CPU
		{e6fdc091-f43f-4003-7d41-dcf5a8fbe35c}.Debug|Any CPU.ActiveCfg = Debug|Any CPU
		{e6fdc091-f43f-4003-7d41-dcf5a8fbe35c}.Debug|Any CPU.Build.0 = Debug|Any CPU
	EndGlobalSection
	GlobalSection(SolutionProperties) = preSolution
		HideSolutionNode = FALSE
	EndGlobalSection
EndGlobal
